# This file is generated by running "yarn install" inside your project.
# Manual changes might be lost - proceed with caution!

__metadata:
  version: 8
  cacheKey: 10c0

"zenn-cli@npm:^0.1.159":
  version: 0.1.159
  resolution: "zenn-cli@npm:0.1.159"
  bin:
    zenn: dist/server/zenn.js
  checksum: 10c0/5b1c03ef4f33521183df7927fb53560bcb25eae63114dbee94aef7e853ed9dc2c63147e67c32e2cb75a93bcb683208864ab51c1b20c9255d4cb9a8495911cf3b
  languageName: node
  linkType: hard

"zenn-contents@workspace:.":
  version: 0.0.0-use.local
  resolution: "zenn-contents@workspace:."
  dependencies:
    zenn-cli: "npm:^0.1.159"
  languageName: unknown
  linkType: soft
